{
  "requires": true,
  "lockfileVersion": 1,
  "dependencies": {
    "swagger-ui-dist": {
      "version": "3.20.1",
      "resolved": "https://registry.npmjs.org/swagger-ui-dist/-/swagger-ui-dist-3.20.1.tgz",
      "integrity": "sha512-iqFNNmJWH24leUj/ohS5iZTHLZSPZse8c9F+WSCMi6ZJcRBgYKcT413c8BR5BEdKvU1kkIwvYy7C8DOjTRq9hQ=="
    }
  }
}
